// !$*UTF8*$!
{
	archiveVersion = 1;
	classes = {
	};
	objectVersion = 46;
	objects = {

/* Begin PBXBuildFile section */
		64B93B9B184465F200ACC7B3 /* Foundation.framework in Frameworks */ = {isa = PBXBuildFile; fileRef = 64B93B9A184465F200ACC7B3 /* Foundation.framework */; };
		64B93B9D184465F200ACC7B3 /* CoreGraphics.framework in Frameworks */ = {isa = PBXBuildFile; fileRef = 64B93B9C184465F200ACC7B3 /* CoreGraphics.framework */; };
		64B93B9F184465F200ACC7B3 /* UIKit.framework in Frameworks */ = {isa = PBXBuildFile; fileRef = 64B93B9E184465F200ACC7B3 /* UIKit.framework */; };
		64B93BA5184465F200ACC7B3 /* InfoPlist.strings in Resources */ = {isa = PBXBuildFile; fileRef = 64B93BA3184465F200ACC7B3 /* InfoPlist.strings */; };
		64B93BA7184465F200ACC7B3 /* main.m in Sources */ = {isa = PBXBuildFile; fileRef = 64B93BA6184465F200ACC7B3 /* main.m */; };
		64B93BAB184465F200ACC7B3 /* AppDelegate.m in Sources */ = {isa = PBXBuildFile; fileRef = 64B93BAA184465F200ACC7B3 /* AppDelegate.m */; };
		64B93BAE184465F200ACC7B3 /* Main.storyboard in Resources */ = {isa = PBXBuildFile; fileRef = 64B93BAC184465F200ACC7B3 /* Main.storyboard */; };
		64B93BB1184465F200ACC7B3 /* ViewController.m in Sources */ = {isa = PBXBuildFile; fileRef = 64B93BB0184465F200ACC7B3 /* ViewController.m */; };
		64B93BB3184465F200ACC7B3 /* Images.xcassets in Resources */ = {isa = PBXBuildFile; fileRef = 64B93BB2184465F200ACC7B3 /* Images.xcassets */; };
		64B93BDA1844665A00ACC7B3 /* HTBCalendarHeaderView.m in Sources */ = {isa = PBXBuildFile; fileRef = 64B93BD31844665A00ACC7B3 /* HTBCalendarHeaderView.m */; };
		64B93BDB1844665A00ACC7B3 /* HTBCalendarTriangleButton.m in Sources */ = {isa = PBXBuildFile; fileRef = 64B93BD51844665A00ACC7B3 /* HTBCalendarTriangleButton.m */; };
		64B93BDC1844665A00ACC7B3 /* HTBCalendarView.m in Sources */ = {isa = PBXBuildFile; fileRef = 64B93BD71844665A00ACC7B3 /* HTBCalendarView.m */; };
		64B93BDD1844665A00ACC7B3 /* HTBCalendarViewCell.m in Sources */ = {isa = PBXBuildFile; fileRef = 64B93BD91844665A00ACC7B3 /* HTBCalendarViewCell.m */; };
		64B93BE31844668200ACC7B3 /* CalendarCell.m in Sources */ = {isa = PBXBuildFile; fileRef = 64B93BE11844668200ACC7B3 /* CalendarCell.m */; };
/* End PBXBuildFile section */

/* Begin PBXFileReference section */
		64B93B97184465F200ACC7B3 /* HTBCalendarViewDemo.app */ = {isa = PBXFileReference; explicitFileType = wrapper.application; includeInIndex = 0; path = HTBCalendarViewDemo.app; sourceTree = BUILT_PRODUCTS_DIR; };
		64B93B9A184465F200ACC7B3 /* Foundation.framework */ = {isa = PBXFileReference; lastKnownFileType = wrapper.framework; name = Foundation.framework; path = System/Library/Frameworks/Foundation.framework; sourceTree = SDKROOT; };
		64B93B9C184465F200ACC7B3 /* CoreGraphics.framework */ = {isa = PBXFileReference; lastKnownFileType = wrapper.framework; name = CoreGraphics.framework; path = System/Library/Frameworks/CoreGraphics.framework; sourceTree = SDKROOT; };
		64B93B9E184465F200ACC7B3 /* UIKit.framework */ = {isa = PBXFileReference; lastKnownFileType = wrapper.framework; name = UIKit.framework; path = System/Library/Frameworks/UIKit.framework; sourceTree = SDKROOT; };
		64B93BA2184465F200ACC7B3 /* HTBCalendarViewDemo-Info.plist */ = {isa = PBXFileReference; lastKnownFileType = text.plist.xml; path = "HTBCalendarViewDemo-Info.plist"; sourceTree = "<group>"; };
		64B93BA4184465F200ACC7B3 /* en */ = {isa = PBXFileReference; lastKnownFileType = text.plist.strings; name = en; path = en.lproj/InfoPlist.strings; sourceTree = "<group>"; };
		64B93BA6184465F200ACC7B3 /* main.m */ = {isa = PBXFileReference; lastKnownFileType = sourcecode.c.objc; path = main.m; sourceTree = "<group>"; };
		64B93BA8184465F200ACC7B3 /* HTBCalendarViewDemo-Prefix.pch */ = {isa = PBXFileReference; lastKnownFileType = sourcecode.c.h; path = "HTBCalendarViewDemo-Prefix.pch"; sourceTree = "<group>"; };
		64B93BA9184465F200ACC7B3 /* AppDelegate.h */ = {isa = PBXFileReference; lastKnownFileType = sourcecode.c.h; path = AppDelegate.h; sourceTree = "<group>"; };
		64B93BAA184465F200ACC7B3 /* AppDelegate.m */ = {isa = PBXFileReference; lastKnownFileType = sourcecode.c.objc; path = AppDelegate.m; sourceTree = "<group>"; };
		64B93BAD184465F200ACC7B3 /* Base */ = {isa = PBXFileReference; lastKnownFileType = file.storyboard; name = Base; path = Base.lproj/Main.storyboard; sourceTree = "<group>"; };
		64B93BAF184465F200ACC7B3 /* ViewController.h */ = {isa = PBXFileReference; lastKnownFileType = sourcecode.c.h; path = ViewController.h; sourceTree = "<group>"; };
		64B93BB0184465F200ACC7B3 /* ViewController.m */ = {isa = PBXFileReference; lastKnownFileType = sourcecode.c.objc; path = ViewController.m; sourceTree = "<group>"; };
		64B93BB2184465F200ACC7B3 /* Images.xcassets */ = {isa = PBXFileReference; lastKnownFileType = folder.assetcatalog; path = Images.xcassets; sourceTree = "<group>"; };
		64B93BD21844665A00ACC7B3 /* HTBCalendarHeaderView.h */ = {isa = PBXFileReference; fileEncoding = 4; lastKnownFileType = sourcecode.c.h; path = HTBCalendarHeaderView.h; sourceTree = "<group>"; };
		64B93BD31844665A00ACC7B3 /* HTBCalendarHeaderView.m */ = {isa = PBXFileReference; fileEncoding = 4; lastKnownFileType = sourcecode.c.objc; path = HTBCalendarHeaderView.m; sourceTree = "<group>"; };
		64B93BD41844665A00ACC7B3 /* HTBCalendarTriangleButton.h */ = {isa = PBXFileReference; fileEncoding = 4; lastKnownFileType = sourcecode.c.h; path = HTBCalendarTriangleButton.h; sourceTree = "<group>"; };
		64B93BD51844665A00ACC7B3 /* HTBCalendarTriangleButton.m */ = {isa = PBXFileReference; fileEncoding = 4; lastKnownFileType = sourcecode.c.objc; path = HTBCalendarTriangleButton.m; sourceTree = "<group>"; };
		64B93BD61844665A00ACC7B3 /* HTBCalendarView.h */ = {isa = PBXFileReference; fileEncoding = 4; lastKnownFileType = sourcecode.c.h; path = HTBCalendarView.h; sourceTree = "<group>"; };
		64B93BD71844665A00ACC7B3 /* HTBCalendarView.m */ = {isa = PBXFileReference; fileEncoding = 4; lastKnownFileType = sourcecode.c.objc; path = HTBCalendarView.m; sourceTree = "<group>"; };
		64B93BD81844665A00ACC7B3 /* HTBCalendarViewCell.h */ = {isa = PBXFileReference; fileEncoding = 4; lastKnownFileType = sourcecode.c.h; path = HTBCalendarViewCell.h; sourceTree = "<group>"; };
		64B93BD91844665A00ACC7B3 /* HTBCalendarViewCell.m */ = {isa = PBXFileReference; fileEncoding = 4; lastKnownFileType = sourcecode.c.objc; path = HTBCalendarViewCell.m; sourceTree = "<group>"; };
		64B93BE01844668200ACC7B3 /* CalendarCell.h */ = {isa = PBXFileReference; fileEncoding = 4; lastKnownFileType = sourcecode.c.h; path = CalendarCell.h; sourceTree = "<group>"; };
		64B93BE11844668200ACC7B3 /* CalendarCell.m */ = {isa = PBXFileReference; fileEncoding = 4; lastKnownFileType = sourcecode.c.objc; path = CalendarCell.m; sourceTree = "<group>"; };
/* End PBXFileReference section */

/* Begin PBXFrameworksBuildPhase section */
		64B93B94184465F200ACC7B3 /* Frameworks */ = {
			isa = PBXFrameworksBuildPhase;
			buildActionMask = 2147483647;
			files = (
				64B93B9D184465F200ACC7B3 /* CoreGraphics.framework in Frameworks */,
				64B93B9F184465F200ACC7B3 /* UIKit.framework in Frameworks */,
				64B93B9B184465F200ACC7B3 /* Foundation.framework in Frameworks */,
			);
			runOnlyForDeploymentPostprocessing = 0;
		};
/* End PBXFrameworksBuildPhase section */

/* Begin PBXGroup section */
		64B93B8E184465F200ACC7B3 = {
			isa = PBXGroup;
			children = (
				64B93BD11844665A00ACC7B3 /* HTBCalendarView */,
				64B93BA0184465F200ACC7B3 /* HTBCalendarViewDemo */,
				64B93B99184465F200ACC7B3 /* Frameworks */,
				64B93B98184465F200ACC7B3 /* Products */,
			);
			sourceTree = "<group>";
		};
		64B93B98184465F200ACC7B3 /* Products */ = {
			isa = PBXGroup;
			children = (
				64B93B97184465F200ACC7B3 /* HTBCalendarViewDemo.app */,
			);
			name = Products;
			sourceTree = "<group>";
		};
		64B93B99184465F200ACC7B3 /* Frameworks */ = {
			isa = PBXGroup;
			children = (
				64B93B9A184465F200ACC7B3 /* Foundation.framework */,
				64B93B9C184465F200ACC7B3 /* CoreGraphics.framework */,
				64B93B9E184465F200ACC7B3 /* UIKit.framework */,
			);
			name = Frameworks;
			sourceTree = "<group>";
		};
		64B93BA0184465F200ACC7B3 /* HTBCalendarViewDemo */ = {
			isa = PBXGroup;
			children = (
				64B93BAF184465F200ACC7B3 /* ViewController.h */,
				64B93BB0184465F200ACC7B3 /* ViewController.m */,
				64B93BE01844668200ACC7B3 /* CalendarCell.h */,
				64B93BE11844668200ACC7B3 /* CalendarCell.m */,
				64B93BA9184465F200ACC7B3 /* AppDelegate.h */,
				64B93BAA184465F200ACC7B3 /* AppDelegate.m */,
				64B93BAC184465F200ACC7B3 /* Main.storyboard */,
				64B93BB2184465F200ACC7B3 /* Images.xcassets */,
				64B93BA1184465F200ACC7B3 /* Supporting Files */,
			);
			path = HTBCalendarViewDemo;
			sourceTree = "<group>";
		};
		64B93BA1184465F200ACC7B3 /* Supporting Files */ = {
			isa = PBXGroup;
			children = (
				64B93BA2184465F200ACC7B3 /* HTBCalendarViewDemo-Info.plist */,
				64B93BA3184465F200ACC7B3 /* InfoPlist.strings */,
				64B93BA6184465F200ACC7B3 /* main.m */,
				64B93BA8184465F200ACC7B3 /* HTBCalendarViewDemo-Prefix.pch */,
			);
			name = "Supporting Files";
			sourceTree = "<group>";
		};
		64B93BD11844665A00ACC7B3 /* HTBCalendarView */ = {
			isa = PBXGroup;
			children = (
				64B93BD61844665A00ACC7B3 /* HTBCalendarView.h */,
				64B93BD71844665A00ACC7B3 /* HTBCalendarView.m */,
				64B93BD21844665A00ACC7B3 /* HTBCalendarHeaderView.h */,
				64B93BD31844665A00ACC7B3 /* HTBCalendarHeaderView.m */,
				64B93BD41844665A00ACC7B3 /* HTBCalendarTriangleButton.h */,
				64B93BD51844665A00ACC7B3 /* HTBCalendarTriangleButton.m */,
				64B93BD81844665A00ACC7B3 /* HTBCalendarViewCell.h */,
				64B93BD91844665A00ACC7B3 /* HTBCalendarViewCell.m */,
			);
			path = HTBCalendarView;
			sourceTree = "<group>";
		};
/* End PBXGroup section */

/* Begin PBXNativeTarget section */
		64B93B96184465F200ACC7B3 /* HTBCalendarViewDemo */ = {
			isa = PBXNativeTarget;
			buildConfigurationList = 64B93BC9184465F200ACC7B3 /* Build configuration list for PBXNativeTarget "HTBCalendarViewDemo" */;
			buildPhases = (
				64B93B93184465F200ACC7B3 /* Sources */,
				64B93B94184465F200ACC7B3 /* Frameworks */,
				64B93B95184465F200ACC7B3 /* Resources */,
			);
			buildRules = (
			);
			dependencies = (
			);
			name = HTBCalendarViewDemo;
			productName = HTBCalendarViewDemo;
			productReference = 64B93B97184465F200ACC7B3 /* HTBCalendarViewDemo.app */;
			productType = "com.apple.product-type.application";
		};
/* End PBXNativeTarget section */

/* Begin PBXProject section */
		64B93B8F184465F200ACC7B3 /* Project object */ = {
			isa = PBXProject;
			attributes = {
				LastUpgradeCheck = 0510;
				ORGANIZATIONNAME = "The High Technology Group";
			};
			buildConfigurationList = 64B93B92184465F200ACC7B3 /* Build configuration list for PBXProject "HTBCalendarViewDemo" */;
			compatibilityVersion = "Xcode 3.2";
			developmentRegion = English;
			hasScannedForEncodings = 0;
			knownRegions = (
				en,
				Base,
			);
			mainGroup = 64B93B8E184465F200ACC7B3;
			productRefGroup = 64B93B98184465F200ACC7B3 /* Products */;
			projectDirPath = "";
			projectRoot = "";
			targets = (
				64B93B96184465F200ACC7B3 /* HTBCalendarViewDemo */,
			);
		};
/* End PBXProject section */

/* Begin PBXResourcesBuildPhase section */
		64B93B95184465F200ACC7B3 /* Resources */ = {
			isa = PBXResourcesBuildPhase;
			buildActionMask = 2147483647;
			files = (
				64B93BB3184465F200ACC7B3 /* Images.xcassets in Resources */,
				64B93BA5184465F200ACC7B3 /* InfoPlist.strings in Resources */,
				64B93BAE184465F200ACC7B3 /* Main.storyboard in Resources */,
			);
			runOnlyForDeploymentPostprocessing = 0;
		};
/* End PBXResourcesBuildPhase section */

/* Begin PBXSourcesBuildPhase section */
		64B93B93184465F200ACC7B3 /* Sources */ = {
			isa = PBXSourcesBuildPhase;
			buildActionMask = 2147483647;
			files = (
				64B93BB1184465F200ACC7B3 /* ViewController.m in Sources */,
				64B93BDC1844665A00ACC7B3 /* HTBCalendarView.m in Sources */,
				64B93BAB184465F200ACC7B3 /* AppDelegate.m in Sources */,
				64B93BDA1844665A00ACC7B3 /* HTBCalendarHeaderView.m in Sources */,
				64B93BDD1844665A00ACC7B3 /* HTBCalendarViewCell.m in Sources */,
				64B93BDB1844665A00ACC7B3 /* HTBCalendarTriangleButton.m in Sources */,
				64B93BE31844668200ACC7B3 /* CalendarCell.m in Sources */,
				64B93BA7184465F200ACC7B3 /* main.m in Sources */,
			);
			runOnlyForDeploymentPostprocessing = 0;
		};
/* End PBXSourcesBuildPhase section */

/* Begin PBXVariantGroup section */
		64B93BA3184465F200ACC7B3 /* InfoPlist.strings */ = {
			isa = PBXVariantGroup;
			children = (
				64B93BA4184465F200ACC7B3 /* en */,
			);
			name = InfoPlist.strings;
			sourceTree = "<group>";
		};
		64B93BAC184465F200ACC7B3 /* Main.storyboard */ = {
			isa = PBXVariantGroup;
			children = (
				64B93BAD184465F200ACC7B3 /* Base */,
			);
			name = Main.storyboard;
			sourceTree = "<group>";
		};
/* End PBXVariantGroup section */

/* Begin XCBuildConfiguration section */
		64B93BC7184465F200ACC7B3 /* Debug */ = {
			isa = XCBuildConfiguration;
			buildSettings = {
				ALWAYS_SEARCH_USER_PATHS = NO;
				ARCHS = "$(ARCHS_STANDARD_INCLUDING_64_BIT)";
				CLANG_CXX_LANGUAGE_STANDARD = "gnu++0x";
				CLANG_CXX_LIBRARY = "libc++";
				CLANG_ENABLE_MODULES = YES;
				CLANG_ENABLE_OBJC_ARC = YES;
				CLANG_WARN_BOOL_CONVERSION = YES;
				CLANG_WARN_CONSTANT_CONVERSION = YES;
				CLANG_WARN_DIRECT_OBJC_ISA_USAGE = YES_ERROR;
				CLANG_WARN_EMPTY_BODY = YES;
				CLANG_WARN_ENUM_CONVERSION = YES;
				CLANG_WARN_INT_CONVERSION = YES;
				CLANG_WARN_OBJC_ROOT_CLASS = YES_ERROR;
				CLANG_WARN__DUPLICATE_METHOD_MATCH = YES;
				"CODE_SIGN_IDENTITY[sdk=iphoneos*]" = "iPhone Developer";
				COPY_PHASE_STRIP = NO;
				GCC_C_LANGUAGE_STANDARD = gnu99;
				GCC_DYNAMIC_NO_PIC = NO;
				GCC_OPTIMIZATION_LEVEL = 0;
				GCC_PREPROCESSOR_DEFINITIONS = (
					"DEBUG=1",
					"$(inherited)",
				);
				GCC_SYMBOLS_PRIVATE_EXTERN = NO;
				GCC_WARN_64_TO_32_BIT_CONVERSION = YES;
				GCC_WARN_ABOUT_RETURN_TYPE = YES_ERROR;
				GCC_WARN_UNDECLARED_SELECTOR = YES;
				GCC_WARN_UNINITIALIZED_AUTOS = YES_AGGRESSIVE;
				GCC_WARN_UNUSED_FUNCTION = YES;
				GCC_WARN_UNUSED_VARIABLE = YES;
				IPHONEOS_DEPLOYMENT_TARGET = 7.1;
				ONLY_ACTIVE_ARCH = YES;
				SDKROOT = iphoneos;
			};
			name = Debug;
		};
		64B93BC8184465F200ACC7B3 /* Release */ = {
			isa = XCBuildConfiguration;
			buildSettings = {
				ALWAYS_SEARCH_USER_PATHS = NO;
				ARCHS = "$(ARCHS_STANDARD_INCLUDING_64_BIT)";
				CLANG_CXX_LANGUAGE_STANDARD = "gnu++0x";
				CLANG_CXX_LIBRARY = "libc++";
				CLANG_ENABLE_MODULES = YES;
				CLANG_ENABLE_OBJC_ARC = YES;
				CLANG_WARN_BOOL_CONVERSION = YES;
				CLANG_WARN_CONSTANT_CONVERSION = YES;
				CLANG_WARN_DIRECT_OBJC_ISA_USAGE = YES_ERROR;
				CLANG_WARN_EMPTY_BODY = YES;
				CLANG_WARN_ENUM_CONVERSION = YES;
				CLANG_WARN_INT_CONVERSION = YES;
				CLANG_WARN_OBJC_ROOT_CLASS = YES_ERROR;
				CLANG_WARN__DUPLICATE_METHOD_MATCH = YES;
				"CODE_SIGN_IDENTITY[sdk=iphoneos*]" = "iPhone Developer";
				COPY_PHASE_STRIP = YES;
				ENABLE_NS_ASSERTIONS = NO;
				GCC_C_LANGUAGE_STANDARD = gnu99;
				GCC_WARN_64_TO_32_BIT_CONVERSION = YES;
				GCC_WARN_ABOUT_RETURN_TYPE = YES_ERROR;
				GCC_WARN_UNDECLARED_SELECTOR = YES;
				GCC_WARN_UNINITIALIZED_AUTOS = YES_AGGRESSIVE;
				GCC_WARN_UNUSED_FUNCTION = YES;
				GCC_WARN_UNUSED_VARIABLE = YES;
				IPHONEOS_DEPLOYMENT_TARGET = 7.1;
				SDKROOT = iphoneos;
				VALIDATE_PRODUCT = YES;
			};
			name = Release;
		};
		64B93BCA184465F200ACC7B3 /* Debug */ = {
			isa = XCBuildConfiguration;
			buildSettings = {
				ASSETCATALOG_COMPILER_APPICON_NAME = AppIcon;
				ASSETCATALOG_COMPILER_LAUNCHIMAGE_NAME = LaunchImage;
				GCC_PRECOMPILE_PREFIX_HEADER = YES;
				GCC_PREFIX_HEADER = "HTBCalendarViewDemo/HTBCalendarViewDemo-Prefix.pch";
				INFOPLIST_FILE = "HTBCalendarViewDemo/HTBCalendarViewDemo-Info.plist";
				PRODUCT_NAME = "$(TARGET_NAME)";
				WRAPPER_EXTENSION = app;
			};
			name = Debug;
		};
		64B93BCB184465F200ACC7B3 /* Release */ = {
			isa = XCBuildConfiguration;
			buildSettings = {
				ASSETCATALOG_COMPILER_APPICON_NAME = AppIcon;
				ASSETCATALOG_COMPILER_LAUNCHIMAGE_NAME = LaunchImage;
				GCC_PRECOMPILE_PREFIX_HEADER = YES;
				GCC_PREFIX_HEADER = "HTBCalendarViewDemo/HTBCalendarViewDemo-Prefix.pch";
				INFOPLIST_FILE = "HTBCalendarViewDemo/HTBCalendarViewDemo-Info.plist";
				PRODUCT_NAME = "$(TARGET_NAME)";
				WRAPPER_EXTENSION = app;
			};
			name = Release;
		};
/* End XCBuildConfiguration section */

/* Begin XCConfigurationList section */
		64B93B92184465F200ACC7B3 /* Build configuration list for PBXProject "HTBCalendarViewDemo" */ = {
			isa = XCConfigurationList;
			buildConfigurations = (
				64B93BC7184465F200ACC7B3 /* Debug */,
				64B93BC8184465F200ACC7B3 /* Release */,
			);
			defaultConfigurationIsVisible = 0;
			defaultConfigurationName = Release;
		};
		64B93BC9184465F200ACC7B3 /* Build configuration list for PBXNativeTarget "HTBCalendarViewDemo" */ = {
			isa = XCConfigurationList;
			buildConfigurations = (
				64B93BCA184465F200ACC7B3 /* Debug */,
				64B93BCB184465F200ACC7B3 /* Release */,
			);
			defaultConfigurationIsVisible = 0;
		};
/* End XCConfigurationList section */
	};
	rootObject = 64B93B8F184465F200ACC7B3 /* Project object */;
}
